
Microsoft Visual Studio Solution File, Format Version 12.00
# Visual Studio Version 17
VisualStudioVersion = 17.7.34024.191
MinimumVisualStudioVersion = 10.0.40219.1
Project("{2150E333-8FDC-42A3-9474-1A3956D46DE8}") = "src", "src", "{4B0261BF-9898-45B4-BDD3-5969EFDBFD1B}"
EndProject
Project("{2150E333-8FDC-42A3-9474-1A3956D46DE8}") = "tst", "tst", "{25C278A2-0B31-4A39-B3FD-056208383245}"
EndProject
Project("{9A19103F-16F7-4668-BE54-9A1E7A4F7556}") = "BlazorDynamics.Core", "src\BlazorDynamics.Core\BlazorDynamics.Core.csproj", "{CA0DB8F5-206B-4C24-B6F2-A149EC9556F6}"
EndProject
Project("{9A19103F-16F7-4668-BE54-9A1E7A4F7556}") = "BlazorDynamics.UISchema", "src\BlazorDynamics.UISchema\BlazorDynamics.UISchema.csproj", "{AF738A49-FC84-4B63-806F-F95D4BE3CCE7}"
EndProject
Project("{2150E333-8FDC-42A3-9474-1A3956D46DE8}") = "samples", "samples", "{F33E0567-9FF0-4DAE-89D0-903B327CCEE3}"
EndProject
Project("{9A19103F-16F7-4668-BE54-9A1E7A4F7556}") = "BlazorDynamics.JsonSchema", "src\BlazorDynamics.DynamicUI.JsonSchema\BlazorDynamics.JsonSchema.csproj", "{F1A931C9-1C21-4BF0-89E4-BF5FE3084DA3}"
EndProject
Project("{9A19103F-16F7-4668-BE54-9A1E7A4F7556}") = "BlazorDynamics.Common", "src\BlazorDynamics.Common\BlazorDynamics.Common.csproj", "{F3BD46ED-01F7-4DBE-BD82-C4BE66CCFE5E}"
EndProject
Project("{2150E333-8FDC-42A3-9474-1A3956D46DE8}") = "implementations", "implementations", "{D57CEC18-6D95-4BDA-A84A-5D520EBD5C8E}"
EndProject
Project("{9A19103F-16F7-4668-BE54-9A1E7A4F7556}") = "MudBlazorServerApp", "samples\MudBlazorServerApp\MudBlazorServerApp.csproj", "{515D9885-B169-4FA6-943C-C8A9DD53CF54}"
EndProject
Project("{9A19103F-16F7-4668-BE54-9A1E7A4F7556}") = "RadzenServerApp", "samples\RadzenServerApp\RadzenServerApp.csproj", "{733F5017-5213-4F8A-9932-F061986F89F2}"
EndProject
Project("{9A19103F-16F7-4668-BE54-9A1E7A4F7556}") = "SharedDemos", "samples\SharedDemos\SharedDemos.csproj", "{AFAD370F-8F8A-4143-8BE5-4B769309F457}"
EndProject
Project("{9A19103F-16F7-4668-BE54-9A1E7A4F7556}") = "WasmSampleApp", "samples\WasmSampleApp\WasmSampleApp.csproj", "{BC3A9F04-6C1F-4CB5-A301-6F5129CB7578}"
EndProject
Project("{9A19103F-16F7-4668-BE54-9A1E7A4F7556}") = "ServerSideSampleApp", "samples\ServerSideSampleApp\ServerSideSampleApp.csproj", "{27DC13D4-812E-4F39-AFBD-F858D551997B}"
EndProject
Project("{9A19103F-16F7-4668-BE54-9A1E7A4F7556}") = "BlazorDynamics.Forms.Commons", "src\BlazorDynamics.Components.Commons\BlazorDynamics.Forms.Commons.csproj", "{6DA468F8-C3FD-4788-9BDF-446CBC34464D}"
EndProject
Project("{9A19103F-16F7-4668-BE54-9A1E7A4F7556}") = "BlazorDynamics.Forms.Components", "src\BlazorDynamics.Components\BlazorDynamics.Forms.Components.csproj", "{6749CE51-453D-4CF8-8432-8DBE6158D874}"
EndProject
Project("{9A19103F-16F7-4668-BE54-9A1E7A4F7556}") = "BlazorDynamics.Forms.Actions", "src\BlazorDynamics.Forms.Actions\BlazorDynamics.Forms.Actions.csproj", "{6705DF10-06ED-402E-906E-893EB3EDC81B}"
EndProject
Project("{9A19103F-16F7-4668-BE54-9A1E7A4F7556}") = "BlazorDynamics.HTMLComponents", "src\implementations\BlazorDynamics.HTMLComponents\BlazorDynamics.HTMLComponents.csproj", "{1E5FEBEA-072C-49EA-BB16-9D7068EA7BB0}"
EndProject
Project("{9A19103F-16F7-4668-BE54-9A1E7A4F7556}") = "BlazorDynamics.MudBlazorComponents", "src\implementations\BlazorDynamics.MudBlazorComponents\BlazorDynamics.MudBlazorComponents.csproj", "{8A6995EC-FD99-4185-9CDD-6D72E633A3AA}"
EndProject
Project("{9A19103F-16F7-4668-BE54-9A1E7A4F7556}") = "BlazorDynamics.RadzenComponents", "src\implementations\BlazorDynamics.RadzenComponents\BlazorDynamics.RadzenComponents.csproj", "{F2CB78AD-1518-4C63-A7CA-9E213ED6EA4E}"
EndProject
Project("{9A19103F-16F7-4668-BE54-9A1E7A4F7556}") = "BlazorDynamics.Tests", "tst\BlazorDynamics.Tests\BlazorDynamics.Tests.csproj", "{9BC53851-4709-44A2-B23F-98918632C9BE}"
EndProject
Project("{9A19103F-16F7-4668-BE54-9A1E7A4F7556}") = "BlazorDynamics.Contracts", "src\BlazorDynamics.Contracts\BlazorDynamics.Contracts.csproj", "{6B23A0FF-B6D5-4121-90E0-5C7735D863D8}"
EndProject
Global
	GlobalSection(SolutionConfigurationPlatforms) = preSolution
		Debug|Any CPU = Debug|Any CPU
		Release|Any CPU = Release|Any CPU
	EndGlobalSection
	GlobalSection(ProjectConfigurationPlatforms) = postSolution
		{CA0DB8F5-206B-4C24-B6F2-A149EC9556F6}.Debug|Any CPU.ActiveCfg = Debug|Any CPU
		{CA0DB8F5-206B-4C24-B6F2-A149EC9556F6}.Debug|Any CPU.Build.0 = Debug|Any CPU
		{CA0DB8F5-206B-4C24-B6F2-A149EC9556F6}.Release|Any CPU.ActiveCfg = Release|Any CPU
		{CA0DB8F5-206B-4C24-B6F2-A149EC9556F6}.Release|Any CPU.Build.0 = Release|Any CPU
		{AF738A49-FC84-4B63-806F-F95D4BE3CCE7}.Debug|Any CPU.ActiveCfg = Debug|Any CPU
		{AF738A49-FC84-4B63-806F-F95D4BE3CCE7}.Debug|Any CPU.Build.0 = Debug|Any CPU
		{AF738A49-FC84-4B63-806F-F95D4BE3CCE7}.Release|Any CPU.ActiveCfg = Release|Any CPU
		{AF738A49-FC84-4B63-806F-F95D4BE3CCE7}.Release|Any CPU.Build.0 = Release|Any CPU
		{F1A931C9-1C21-4BF0-89E4-BF5FE3084DA3}.Debug|Any CPU.ActiveCfg = Debug|Any CPU
		{F1A931C9-1C21-4BF0-89E4-BF5FE3084DA3}.Debug|Any CPU.Build.0 = Debug|Any CPU
		{F1A931C9-1C21-4BF0-89E4-BF5FE3084DA3}.Release|Any CPU.ActiveCfg = Release|Any CPU
		{F1A931C9-1C21-4BF0-89E4-BF5FE3084DA3}.Release|Any CPU.Build.0 = Release|Any CPU
		{F3BD46ED-01F7-4DBE-BD82-C4BE66CCFE5E}.Debug|Any CPU.ActiveCfg = Debug|Any CPU
		{F3BD46ED-01F7-4DBE-BD82-C4BE66CCFE5E}.Debug|Any CPU.Build.0 = Debug|Any CPU
		{F3BD46ED-01F7-4DBE-BD82-C4BE66CCFE5E}.Release|Any CPU.ActiveCfg = Release|Any CPU
		{F3BD46ED-01F7-4DBE-BD82-C4BE66CCFE5E}.Release|Any CPU.Build.0 = Release|Any CPU
		{515D9885-B169-4FA6-943C-C8A9DD53CF54}.Debug|Any CPU.ActiveCfg = Debug|Any CPU
		{515D9885-B169-4FA6-943C-C8A9DD53CF54}.Debug|Any CPU.Build.0 = Debug|Any CPU
		{515D9885-B169-4FA6-943C-C8A9DD53CF54}.Release|Any CPU.ActiveCfg = Release|Any CPU
		{515D9885-B169-4FA6-943C-C8A9DD53CF54}.Release|Any CPU.Build.0 = Release|Any CPU
		{733F5017-5213-4F8A-9932-F061986F89F2}.Debug|Any CPU.ActiveCfg = Debug|Any CPU
		{733F5017-5213-4F8A-9932-F061986F89F2}.Debug|Any CPU.Build.0 = Debug|Any CPU
		{733F5017-5213-4F8A-9932-F061986F89F2}.Release|Any CPU.ActiveCfg = Release|Any CPU
		{733F5017-5213-4F8A-9932-F061986F89F2}.Release|Any CPU.Build.0 = Release|Any CPU
		{AFAD370F-8F8A-4143-8BE5-4B769309F457}.Debug|Any CPU.ActiveCfg = Debug|Any CPU
		{AFAD370F-8F8A-4143-8BE5-4B769309F457}.Debug|Any CPU.Build.0 = Debug|Any CPU
		{AFAD370F-8F8A-4143-8BE5-4B769309F457}.Release|Any CPU.ActiveCfg = Release|Any CPU
		{AFAD370F-8F8A-4143-8BE5-4B769309F457}.Release|Any CPU.Build.0 = Release|Any CPU
		{BC3A9F04-6C1F-4CB5-A301-6F5129CB7578}.Debug|Any CPU.ActiveCfg = Debug|Any CPU
		{BC3A9F04-6C1F-4CB5-A301-6F5129CB7578}.Debug|Any CPU.Build.0 = Debug|Any CPU
		{BC3A9F04-6C1F-4CB5-A301-6F5129CB7578}.Release|Any CPU.ActiveCfg = Release|Any CPU
		{BC3A9F04-6C1F-4CB5-A301-6F5129CB7578}.Release|Any CPU.Build.0 = Release|Any CPU
		{27DC13D4-812E-4F39-AFBD-F858D551997B}.Debug|Any CPU.ActiveCfg = Debug|Any CPU
		{27DC13D4-812E-4F39-AFBD-F858D551997B}.Debug|Any CPU.Build.0 = Debug|Any CPU
		{27DC13D4-812E-4F39-AFBD-F858D551997B}.Release|Any CPU.ActiveCfg = Release|Any CPU
		{27DC13D4-812E-4F39-AFBD-F858D551997B}.Release|Any CPU.Build.0 = Release|Any CPU
		{6DA468F8-C3FD-4788-9BDF-446CBC34464D}.Debug|Any CPU.ActiveCfg = Debug|Any CPU
		{6DA468F8-C3FD-4788-9BDF-446CBC34464D}.Debug|Any CPU.Build.0 = Debug|Any CPU
		{6DA468F8-C3FD-4788-9BDF-446CBC34464D}.Release|Any CPU.ActiveCfg = Release|Any CPU
		{6DA468F8-C3FD-4788-9BDF-446CBC34464D}.Release|Any CPU.Build.0 = Release|Any CPU
		{6749CE51-453D-4CF8-8432-8DBE6158D874}.Debug|Any CPU.ActiveCfg = Debug|Any CPU
		{6749CE51-453D-4CF8-8432-8DBE6158D874}.Debug|Any CPU.Build.0 = Debug|Any CPU
		{6749CE51-453D-4CF8-8432-8DBE6158D874}.Release|Any CPU.ActiveCfg = Release|Any CPU
		{6749CE51-453D-4CF8-8432-8DBE6158D874}.Release|Any CPU.Build.0 = Release|Any CPU
		{6705DF10-06ED-402E-906E-893EB3EDC81B}.Debug|Any CPU.ActiveCfg = Debug|Any CPU
		{6705DF10-06ED-402E-906E-893EB3EDC81B}.Debug|Any CPU.Build.0 = Debug|Any CPU
		{6705DF10-06ED-402E-906E-893EB3EDC81B}.Release|Any CPU.ActiveCfg = Release|Any CPU
		{6705DF10-06ED-402E-906E-893EB3EDC81B}.Release|Any CPU.Build.0 = Release|Any CPU
		{1E5FEBEA-072C-49EA-BB16-9D7068EA7BB0}.Debug|Any CPU.ActiveCfg = Debug|Any CPU
		{1E5FEBEA-072C-49EA-BB16-9D7068EA7BB0}.Debug|Any CPU.Build.0 = Debug|Any CPU
		{1E5FEBEA-072C-49EA-BB16-9D7068EA7BB0}.Release|Any CPU.ActiveCfg = Release|Any CPU
		{1E5FEBEA-072C-49EA-BB16-9D7068EA7BB0}.Release|Any CPU.Build.0 = Release|Any CPU
		{8A6995EC-FD99-4185-9CDD-6D72E633A3AA}.Debug|Any CPU.ActiveCfg = Debug|Any CPU
		{8A6995EC-FD99-4185-9CDD-6D72E633A3AA}.Debug|Any CPU.Build.0 = Debug|Any CPU
		{8A6995EC-FD99-4185-9CDD-6D72E633A3AA}.Release|Any CPU.ActiveCfg = Release|Any CPU
		{8A6995EC-FD99-4185-9CDD-6D72E633A3AA}.Release|Any CPU.Build.0 = Release|Any CPU
		{F2CB78AD-1518-4C63-A7CA-9E213ED6EA4E}.Debug|Any CPU.ActiveCfg = Debug|Any CPU
		{F2CB78AD-1518-4C63-A7CA-9E213ED6EA4E}.Debug|Any CPU.Build.0 = Debug|Any CPU
		{F2CB78AD-1518-4C63-A7CA-9E213ED6EA4E}.Release|Any CPU.ActiveCfg = Release|Any CPU
		{F2CB78AD-1518-4C63-A7CA-9E213ED6EA4E}.Release|Any CPU.Build.0 = Release|Any CPU
		{9BC53851-4709-44A2-B23F-98918632C9BE}.Debug|Any CPU.ActiveCfg = Debug|Any CPU
		{9BC53851-4709-44A2-B23F-98918632C9BE}.Debug|Any CPU.Build.0 = Debug|Any CPU
		{9BC53851-4709-44A2-B23F-98918632C9BE}.Release|Any CPU.ActiveCfg = Release|Any CPU
		{9BC53851-4709-44A2-B23F-98918632C9BE}.Release|Any CPU.Build.0 = Release|Any CPU
		{6B23A0FF-B6D5-4121-90E0-5C7735D863D8}.Debug|Any CPU.ActiveCfg = Debug|Any CPU
		{6B23A0FF-B6D5-4121-90E0-5C7735D863D8}.Debug|Any CPU.Build.0 = Debug|Any CPU
		{6B23A0FF-B6D5-4121-90E0-5C7735D863D8}.Release|Any CPU.ActiveCfg = Release|Any CPU
		{6B23A0FF-B6D5-4121-90E0-5C7735D863D8}.Release|Any CPU.Build.0 = Release|Any CPU
	EndGlobalSection
	GlobalSection(SolutionProperties) = preSolution
		HideSolutionNode = FALSE
	EndGlobalSection
	GlobalSection(NestedProjects) = preSolution
		{CA0DB8F5-206B-4C24-B6F2-A149EC9556F6} = {4B0261BF-9898-45B4-BDD3-5969EFDBFD1B}
		{AF738A49-FC84-4B63-806F-F95D4BE3CCE7} = {4B0261BF-9898-45B4-BDD3-5969EFDBFD1B}
		{F1A931C9-1C21-4BF0-89E4-BF5FE3084DA3} = {4B0261BF-9898-45B4-BDD3-5969EFDBFD1B}
		{F3BD46ED-01F7-4DBE-BD82-C4BE66CCFE5E} = {4B0261BF-9898-45B4-BDD3-5969EFDBFD1B}
		{D57CEC18-6D95-4BDA-A84A-5D520EBD5C8E} = {4B0261BF-9898-45B4-BDD3-5969EFDBFD1B}
		{515D9885-B169-4FA6-943C-C8A9DD53CF54} = {F33E0567-9FF0-4DAE-89D0-903B327CCEE3}
		{733F5017-5213-4F8A-9932-F061986F89F2} = {F33E0567-9FF0-4DAE-89D0-903B327CCEE3}
		{AFAD370F-8F8A-4143-8BE5-4B769309F457} = {F33E0567-9FF0-4DAE-89D0-903B327CCEE3}
		{BC3A9F04-6C1F-4CB5-A301-6F5129CB7578} = {F33E0567-9FF0-4DAE-89D0-903B327CCEE3}
		{27DC13D4-812E-4F39-AFBD-F858D551997B} = {F33E0567-9FF0-4DAE-89D0-903B327CCEE3}
		{6DA468F8-C3FD-4788-9BDF-446CBC34464D} = {4B0261BF-9898-45B4-BDD3-5969EFDBFD1B}
		{6749CE51-453D-4CF8-8432-8DBE6158D874} = {4B0261BF-9898-45B4-BDD3-5969EFDBFD1B}
		{6705DF10-06ED-402E-906E-893EB3EDC81B} = {4B0261BF-9898-45B4-BDD3-5969EFDBFD1B}
		{1E5FEBEA-072C-49EA-BB16-9D7068EA7BB0} = {D57CEC18-6D95-4BDA-A84A-5D520EBD5C8E}
		{8A6995EC-FD99-4185-9CDD-6D72E633A3AA} = {D57CEC18-6D95-4BDA-A84A-5D520EBD5C8E}
		{F2CB78AD-1518-4C63-A7CA-9E213ED6EA4E} = {D57CEC18-6D95-4BDA-A84A-5D520EBD5C8E}
		{9BC53851-4709-44A2-B23F-98918632C9BE} = {25C278A2-0B31-4A39-B3FD-056208383245}
		{6B23A0FF-B6D5-4121-90E0-5C7735D863D8} = {4B0261BF-9898-45B4-BDD3-5969EFDBFD1B}
	EndGlobalSection
	GlobalSection(ExtensibilityGlobals) = postSolution
		SolutionGuid = {CFA4091F-E3E0-4E25-B4CA-3D852A0D7043}
	EndGlobalSection
EndGlobal
