
Microsoft Visual Studio Solution File, Format Version 12.00
# Visual Studio Version 17
VisualStudioVersion = 17.9.34728.123
MinimumVisualStudioVersion = 10.0.40219.1
Project("{2150E333-8FDC-42A3-9474-1A3956D46DE8}") = "src", "src", "{2DB40415-03AA-4EDA-AD44-34E832BF6FCC}"
EndProject
Project("{9A19103F-16F7-4668-BE54-9A1E7A4F7556}") = "blazordynamics-core", "src\blazordynamics-core\blazordynamics-core.csproj", "{9F5983F7-A48D-491B-AE94-B58628C0C6EC}"
EndProject
Global
	GlobalSection(SolutionConfigurationPlatforms) = preSolution
		Debug|Any CPU = Debug|Any CPU
		Release|Any CPU = Release|Any CPU
	EndGlobalSection
	GlobalSection(ProjectConfigurationPlatforms) = postSolution
		{9F5983F7-A48D-491B-AE94-B58628C0C6EC}.Debug|Any CPU.ActiveCfg = Debug|Any CPU
		{9F5983F7-A48D-491B-AE94-B58628C0C6EC}.Debug|Any CPU.Build.0 = Debug|Any CPU
		{9F5983F7-A48D-491B-AE94-B58628C0C6EC}.Release|Any CPU.ActiveCfg = Release|Any CPU
		{9F5983F7-A48D-491B-AE94-B58628C0C6EC}.Release|Any CPU.Build.0 = Release|Any CPU
	EndGlobalSection
	GlobalSection(SolutionProperties) = preSolution
		HideSolutionNode = FALSE
	EndGlobalSection
	GlobalSection(NestedProjects) = preSolution
		{9F5983F7-A48D-491B-AE94-B58628C0C6EC} = {2DB40415-03AA-4EDA-AD44-34E832BF6FCC}
	EndGlobalSection
	GlobalSection(ExtensibilityGlobals) = postSolution
		SolutionGuid = {D7F60A1E-4EE6-424A-B2DD-A33E33F198DB}
	EndGlobalSection
EndGlobal
